// !$*UTF8*$!
{
	archiveVersion = 1;
	classes = {
	};
	objectVersion = 50;
	objects = {

/* Begin PBXBuildFile section */
		046B69AE22FBBA7F004D1231 /* AppDelegate.swift in Sources */ = {isa = PBXBuildFile; fileRef = 046B69AD22FBBA7F004D1231 /* AppDelegate.swift */; };
		046B69B022FBBA7F004D1231 /* SceneDelegate.swift in Sources */ = {isa = PBXBuildFile; fileRef = 046B69AF22FBBA7F004D1231 /* SceneDelegate.swift */; };
		046B69B222FBBA7F004D1231 /* ViewController.swift in Sources */ = {isa = PBXBuildFile; fileRef = 046B69B122FBBA7F004D1231 /* ViewController.swift */; };
		046B69B522FBBA7F004D1231 /* Main.storyboard in Resources */ = {isa = PBXBuildFile; fileRef = 046B69B322FBBA7F004D1231 /* Main.storyboard */; };
		046B69B722FBBA81004D1231 /* Assets.xcassets in Resources */ = {isa = PBXBuildFile; fileRef = 046B69B622FBBA81004D1231 /* Assets.xcassets */; };
		046B69BA22FBBA81004D1231 /* LaunchScreen.storyboard in Resources */ = {isa = PBXBuildFile; fileRef = 046B69B822FBBA81004D1231 /* LaunchScreen.storyboard */; };
/* End PBXBuildFile section */

/* Begin PBXFileReference section */
		046B69AA22FBBA7F004D1231 /* ModalPresentationStyle_iOS13.app */ = {isa = PBXFileReference; explicitFileType = wrapper.application; includeInIndex = 0; path = ModalPresentationStyle_iOS13.app; sourceTree = BUILT_PRODUCTS_DIR; };
		046B69AD22FBBA7F004D1231 /* AppDelegate.swift */ = {isa = PBXFileReference; lastKnownFileType = sourcecode.swift; path = AppDelegate.swift; sourceTree = "<group>"; };
		046B69AF22FBBA7F004D1231 /* SceneDelegate.swift */ = {isa = PBXFileReference; lastKnownFileType = sourcecode.swift; path = SceneDelegate.swift; sourceTree = "<group>"; };
		046B69B122FBBA7F004D1231 /* ViewController.swift */ = {isa = PBXFileReference; lastKnownFileType = sourcecode.swift; path = ViewController.swift; sourceTree = "<group>"; };
		046B69B422FBBA7F004D1231 /* Base */ = {isa = PBXFileReference; lastKnownFileType = file.storyboard; name = Base; path = Base.lproj/Main.storyboard; sourceTree = "<group>"; };
		046B69B622FBBA81004D1231 /* Assets.xcassets */ = {isa = PBXFileReference; lastKnownFileType = folder.assetcatalog; path = Assets.xcassets; sourceTree = "<group>"; };
		046B69B922FBBA81004D1231 /* Base */ = {isa = PBXFileReference; lastKnownFileType = file.storyboard; name = Base; path = Base.lproj/LaunchScreen.storyboard; sourceTree = "<group>"; };
		046B69BB22FBBA81004D1231 /* Info.plist */ = {isa = PBXFileReference; lastKnownFileType = text.plist.xml; path = Info.plist; sourceTree = "<group>"; };
/* End PBXFileReference section */

/* Begin PBXFrameworksBuildPhase section */
		046B69A722FBBA7F004D1231 /* Frameworks */ = {
			isa = PBXFrameworksBuildPhase;
			buildActionMask = 2147483647;
			files = (
			);
			runOnlyForDeploymentPostprocessing = 0;
		};
/* End PBXFrameworksBuildPhase section */

/* Begin PBXGroup section */
		046B69A122FBBA7F004D1231 = {
			isa = PBXGroup;
			children = (
				046B69AC22FBBA7F004D1231 /* ModalPresentationStyle_iOS13 */,
				046B69AB22FBBA7F004D1231 /* Products */,
			);
			sourceTree = "<group>";
		};
		046B69AB22FBBA7F004D1231 /* Products */ = {
			isa = PBXGroup;
			children = (
				046B69AA22FBBA7F004D1231 /* ModalPresentationStyle_iOS13.app */,
			);
			name = Products;
			sourceTree = "<group>";
		};
		046B69AC22FBBA7F004D1231 /* ModalPresentationStyle_iOS13 */ = {
			isa = PBXGroup;
			children = (
				046B69C322FBBCB8004D1231 /* Application */,
				046B69C122FBBC9D004D1231 /* Presentation */,
				046B69C422FBBCCC004D1231 /* Resources */,
				046B69AF22FBBA7F004D1231 /* SceneDelegate.swift */,
			);
			path = ModalPresentationStyle_iOS13;
			sourceTree = "<group>";
		};
		046B69C122FBBC9D004D1231 /* Presentation */ = {
			isa = PBXGroup;
			children = (
				046B69C222FBBCA5004D1231 /* Controllers */,
			);
			path = Presentation;
			sourceTree = "<group>";
		};
		046B69C222FBBCA5004D1231 /* Controllers */ = {
			isa = PBXGroup;
			children = (
				046B69B322FBBA7F004D1231 /* Main.storyboard */,
				046B69B122FBBA7F004D1231 /* ViewController.swift */,
			);
			path = Controllers;
			sourceTree = "<group>";
		};
		046B69C322FBBCB8004D1231 /* Application */ = {
			isa = PBXGroup;
			children = (
				046B69AD22FBBA7F004D1231 /* AppDelegate.swift */,
				046B69BB22FBBA81004D1231 /* Info.plist */,
			);
			path = Application;
			sourceTree = "<group>";
		};
		046B69C422FBBCCC004D1231 /* Resources */ = {
			isa = PBXGroup;
			children = (
				046B69B622FBBA81004D1231 /* Assets.xcassets */,
				046B69B822FBBA81004D1231 /* LaunchScreen.storyboard */,
			);
			path = Resources;
			sourceTree = "<group>";
		};
/* End PBXGroup section */

/* Begin PBXNativeTarget section */
		046B69A922FBBA7F004D1231 /* ModalPresentationStyle_iOS13 */ = {
			isa = PBXNativeTarget;
			buildConfigurationList = 046B69BE22FBBA81004D1231 /* Build configuration list for PBXNativeTarget "ModalPresentationStyle_iOS13" */;
			buildPhases = (
				046B69A622FBBA7F004D1231 /* Sources */,
				046B69A722FBBA7F004D1231 /* Frameworks */,
				046B69A822FBBA7F004D1231 /* Resources */,
			);
			buildRules = (
			);
			dependencies = (
			);
			name = ModalPresentationStyle_iOS13;
			productName = ModalPresentationStyle_iOS13;
			productReference = 046B69AA22FBBA7F004D1231 /* ModalPresentationStyle_iOS13.app */;
			productType = "com.apple.product-type.application";
		};
/* End PBXNativeTarget section */

/* Begin PBXProject section */
		046B69A222FBBA7F004D1231 /* Project object */ = {
			isa = PBXProject;
			attributes = {
				LastSwiftUpdateCheck = 1100;
				LastUpgradeCheck = 1100;
				ORGANIZATIONNAME = "i-enter";
				TargetAttributes = {
					046B69A922FBBA7F004D1231 = {
						CreatedOnToolsVersion = 11.0;
					};
				};
			};
			buildConfigurationList = 046B69A522FBBA7F004D1231 /* Build configuration list for PBXProject "ModalPresentationStyle_iOS13" */;
			compatibilityVersion = "Xcode 9.3";
			developmentRegion = en;
			hasScannedForEncodings = 0;
			knownRegions = (
				en,
				Base,
			);
			mainGroup = 046B69A122FBBA7F004D1231;
			productRefGroup = 046B69AB22FBBA7F004D1231 /* Products */;
			projectDirPath = "";
			projectRoot = "";
			targets = (
				046B69A922FBBA7F004D1231 /* ModalPresentationStyle_iOS13 */,
			);
		};
/* End PBXProject section */

/* Begin PBXResourcesBuildPhase section */
		046B69A822FBBA7F004D1231 /* Resources */ = {
			isa = PBXResourcesBuildPhase;
			buildActionMask = 2147483647;
			files = (
				046B69BA22FBBA81004D1231 /* LaunchScreen.storyboard in Resources */,
				046B69B722FBBA81004D1231 /* Assets.xcassets in Resources */,
				046B69B522FBBA7F004D1231 /* Main.storyboard in Resources */,
			);
			runOnlyForDeploymentPostprocessing = 0;
		};
/* End PBXResourcesBuildPhase section */

/* Begin PBXSourcesBuildPhase section */
		046B69A622FBBA7F004D1231 /* Sources */ = {
			isa = PBXSourcesBuildPhase;
			buildActionMask = 2147483647;
			files = (
				046B69B222FBBA7F004D1231 /* ViewController.swift in Sources */,
				046B69AE22FBBA7F004D1231 /* AppDelegate.swift in Sources */,
				046B69B022FBBA7F004D1231 /* SceneDelegate.swift in Sources */,
			);
			runOnlyForDeploymentPostprocessing = 0;
		};
/* End PBXSourcesBuildPhase section */

/* Begin PBXVariantGroup section */
		046B69B322FBBA7F004D1231 /* Main.storyboard */ = {
			isa = PBXVariantGroup;
			children = (
				046B69B422FBBA7F004D1231 /* Base */,
			);
			name = Main.storyboard;
			sourceTree = "<group>";
		};
		046B69B822FBBA81004D1231 /* LaunchScreen.storyboard */ = {
			isa = PBXVariantGroup;
			children = (
				046B69B922FBBA81004D1231 /* Base */,
			);
			name = LaunchScreen.storyboard;
			sourceTree = "<group>";
		};
/* End PBXVariantGroup section */

/* Begin XCBuildConfiguration section */
		046B69BC22FBBA81004D1231 /* Debug */ = {
			isa = XCBuildConfiguration;
			buildSettings = {
				ALWAYS_SEARCH_USER_PATHS = NO;
				CLANG_ANALYZER_NONNULL = YES;
				CLANG_ANALYZER_NUMBER_OBJECT_CONVERSION = YES_AGGRESSIVE;
				CLANG_CXX_LANGUAGE_STANDARD = "gnu++14";
				CLANG_CXX_LIBRARY = "libc++";
				CLANG_ENABLE_MODULES = YES;
				CLANG_ENABLE_OBJC_ARC = YES;
				CLANG_ENABLE_OBJC_WEAK = YES;
				CLANG_WARN_BLOCK_CAPTURE_AUTORELEASING = YES;
				CLANG_WARN_BOOL_CONVERSION = YES;
				CLANG_WARN_COMMA = YES;
				CLANG_WARN_CONSTANT_CONVERSION = YES;
				CLANG_WARN_DEPRECATED_OBJC_IMPLEMENTATIONS = YES;
				CLANG_WARN_DIRECT_OBJC_ISA_USAGE = YES_ERROR;
				CLANG_WARN_DOCUMENTATION_COMMENTS = YES;
				CLANG_WARN_EMPTY_BODY = YES;
				CLANG_WARN_ENUM_CONVERSION = YES;
				CLANG_WARN_INFINITE_RECURSION = YES;
				CLANG_WARN_INT_CONVERSION = YES;
				CLANG_WARN_NON_LITERAL_NULL_CONVERSION = YES;
				CLANG_WARN_OBJC_IMPLICIT_RETAIN_SELF = YES;
				CLANG_WARN_OBJC_LITERAL_CONVERSION = YES;
				CLANG_WARN_OBJC_ROOT_CLASS = YES_ERROR;
				CLANG_WARN_RANGE_LOOP_ANALYSIS = YES;
				CLANG_WARN_STRICT_PROTOTYPES = YES;
				CLANG_WARN_SUSPICIOUS_MOVE = YES;
				CLANG_WARN_UNGUARDED_AVAILABILITY = YES_AGGRESSIVE;
				CLANG_WARN_UNREACHABLE_CODE = YES;
				CLANG_WARN__DUPLICATE_METHOD_MATCH = YES;
				COPY_PHASE_STRIP = NO;
				DEBUG_INFORMATION_FORMAT = dwarf;
				ENABLE_STRICT_OBJC_MSGSEND = YES;
				ENABLE_TESTABILITY = YES;
				GCC_C_LANGUAGE_STANDARD = gnu11;
				GCC_DYNAMIC_NO_PIC = NO;
				GCC_NO_COMMON_BLOCKS = YES;
				GCC_OPTIMIZATION_LEVEL = 0;
				GCC_PREPROCESSOR_DEFINITIONS = (
					"DEBUG=1",
					"$(inherited)",
				);
				GCC_WARN_64_TO_32_BIT_CONVERSION = YES;
				GCC_WARN_ABOUT_RETURN_TYPE = YES_ERROR;
				GCC_WARN_UNDECLARED_SELECTOR = YES;
				GCC_WARN_UNINITIALIZED_AUTOS = YES_AGGRESSIVE;
				GCC_WARN_UNUSED_FUNCTION = YES;
				GCC_WARN_UNUSED_VARIABLE = YES;
				IPHONEOS_DEPLOYMENT_TARGET = 13.0;
				MTL_ENABLE_DEBUG_INFO = INCLUDE_SOURCE;
				MTL_FAST_MATH = YES;
				ONLY_ACTIVE_ARCH = YES;
				SDKROOT = iphoneos;
				SWIFT_ACTIVE_COMPILATION_CONDITIONS = DEBUG;
				SWIFT_OPTIMIZATION_LEVEL = "-Onone";
			};
			name = Debug;
		};
		046B69BD22FBBA81004D1231 /* Release */ = {
			isa = XCBuildConfiguration;
			buildSettings = {
				ALWAYS_SEARCH_USER_PATHS = NO;
				CLANG_ANALYZER_NONNULL = YES;
				CLANG_ANALYZER_NUMBER_OBJECT_CONVERSION = YES_AGGRESSIVE;
				CLANG_CXX_LANGUAGE_STANDARD = "gnu++14";
				CLANG_CXX_LIBRARY = "libc++";
				CLANG_ENABLE_MODULES = YES;
				CLANG_ENABLE_OBJC_ARC = YES;
				CLANG_ENABLE_OBJC_WEAK = YES;
				CLANG_WARN_BLOCK_CAPTURE_AUTORELEASING = YES;
				CLANG_WARN_BOOL_CONVERSION = YES;
				CLANG_WARN_COMMA = YES;
				CLANG_WARN_CONSTANT_CONVERSION = YES;
				CLANG_WARN_DEPRECATED_OBJC_IMPLEMENTATIONS = YES;
				CLANG_WARN_DIRECT_OBJC_ISA_USAGE = YES_ERROR;
				CLANG_WARN_DOCUMENTATION_COMMENTS = YES;
				CLANG_WARN_EMPTY_BODY = YES;
				CLANG_WARN_ENUM_CONVERSION = YES;
				CLANG_WARN_INFINITE_RECURSION = YES;
				CLANG_WARN_INT_CONVERSION = YES;
				CLANG_WARN_NON_LITERAL_NULL_CONVERSION = YES;
				CLANG_WARN_OBJC_IMPLICIT_RETAIN_SELF = YES;
				CLANG_WARN_OBJC_LITERAL_CONVERSION = YES;
				CLANG_WARN_OBJC_ROOT_CLASS = YES_ERROR;
				CLANG_WARN_RANGE_LOOP_ANALYSIS = YES;
				CLANG_WARN_STRICT_PROTOTYPES = YES;
				CLANG_WARN_SUSPICIOUS_MOVE = YES;
				CLANG_WARN_UNGUARDED_AVAILABILITY = YES_AGGRESSIVE;
				CLANG_WARN_UNREACHABLE_CODE = YES;
				CLANG_WARN__DUPLICATE_METHOD_MATCH = YES;
				COPY_PHASE_STRIP = NO;
				DEBUG_INFORMATION_FORMAT = "dwarf-with-dsym";
				ENABLE_NS_ASSERTIONS = NO;
				ENABLE_STRICT_OBJC_MSGSEND = YES;
				GCC_C_LANGUAGE_STANDARD = gnu11;
				GCC_NO_COMMON_BLOCKS = YES;
				GCC_WARN_64_TO_32_BIT_CONVERSION = YES;
				GCC_WARN_ABOUT_RETURN_TYPE = YES_ERROR;
				GCC_WARN_UNDECLARED_SELECTOR = YES;
				GCC_WARN_UNINITIALIZED_AUTOS = YES_AGGRESSIVE;
				GCC_WARN_UNUSED_FUNCTION = YES;
				GCC_WARN_UNUSED_VARIABLE = YES;
				IPHONEOS_DEPLOYMENT_TARGET = 13.0;
				MTL_ENABLE_DEBUG_INFO = NO;
				MTL_FAST_MATH = YES;
				SDKROOT = iphoneos;
				SWIFT_COMPILATION_MODE = wholemodule;
				SWIFT_OPTIMIZATION_LEVEL = "-O";
				VALIDATE_PRODUCT = YES;
			};
			name = Release;
		};
		046B69BF22FBBA81004D1231 /* Debug */ = {
			isa = XCBuildConfiguration;
			buildSettings = {
				ASSETCATALOG_COMPILER_APPICON_NAME = AppIcon;
				CODE_SIGN_STYLE = Automatic;
				INFOPLIST_FILE = ModalPresentationStyle_iOS13/Info.plist;
				LD_RUNPATH_SEARCH_PATHS = (
					"$(inherited)",
					"@executable_path/Frameworks",
				);
				PRODUCT_BUNDLE_IDENTIFIER = "jp.co.i-enter..ModalPresentationStyle-iOS13";
				PRODUCT_NAME = "$(TARGET_NAME)";
				SWIFT_VERSION = 5.0;
				TARGETED_DEVICE_FAMILY = "1,2";
			};
			name = Debug;
		};
		046B69C022FBBA81004D1231 /* Release */ = {
			isa = XCBuildConfiguration;
			buildSettings = {
				ASSETCATALOG_COMPILER_APPICON_NAME = AppIcon;
				CODE_SIGN_STYLE = Automatic;
				INFOPLIST_FILE = ModalPresentationStyle_iOS13/Info.plist;
				LD_RUNPATH_SEARCH_PATHS = (
					"$(inherited)",
					"@executable_path/Frameworks",
				);
				PRODUCT_BUNDLE_IDENTIFIER = "jp.co.i-enter..ModalPresentationStyle-iOS13";
				PRODUCT_NAME = "$(TARGET_NAME)";
				SWIFT_VERSION = 5.0;
				TARGETED_DEVICE_FAMILY = "1,2";
			};
			name = Release;
		};
/* End XCBuildConfiguration section */

/* Begin XCConfigurationList section */
		046B69A522FBBA7F004D1231 /* Build configuration list for PBXProject "ModalPresentationStyle_iOS13" */ = {
			isa = XCConfigurationList;
			buildConfigurations = (
				046B69BC22FBBA81004D1231 /* Debug */,
				046B69BD22FBBA81004D1231 /* Release */,
			);
			defaultConfigurationIsVisible = 0;
			defaultConfigurationName = Release;
		};
		046B69BE22FBBA81004D1231 /* Build configuration list for PBXNativeTarget "ModalPresentationStyle_iOS13" */ = {
			isa = XCConfigurationList;
			buildConfigurations = (
				046B69BF22FBBA81004D1231 /* Debug */,
				046B69C022FBBA81004D1231 /* Release */,
			);
			defaultConfigurationIsVisible = 0;
			defaultConfigurationName = Release;
		};
/* End XCConfigurationList section */
	};
	rootObject = 046B69A222FBBA7F004D1231 /* Project object */;
}
